
Microsoft Visual Studio Solution File, Format Version 12.00
# Visual Studio Version 16
VisualStudioVersion = 16.0.32002.261
MinimumVisualStudioVersion = 10.0.40219.1
Project("{9A19103F-16F7-4668-BE54-9A1E7A4F7556}") = "Program", "Program.csproj", "{7D5A8024-2CA2-4841-A616-8DE35592E5AF}"
EndProject
Project("{9A19103F-16F7-4668-BE54-9A1E7A4F7556}") = "Library", "..\Library\Library.csproj", "{E8CB25AE-7155-4EFF-8AD6-E236321AC836}"
EndProject
Global
	GlobalSection(SolutionConfigurationPlatforms) = preSolution
		Debug|Any CPU = Debug|Any CPU
		Release|Any CPU = Release|Any CPU
	EndGlobalSection
	GlobalSection(ProjectConfigurationPlatforms) = postSolution
		{7D5A8024-2CA2-4841-A616-8DE35592E5AF}.Debug|Any CPU.ActiveCfg = Debug|Any CPU
		{7D5A8024-2CA2-4841-A616-8DE35592E5AF}.Debug|Any CPU.Build.0 = Debug|Any CPU
		{7D5A8024-2CA2-4841-A616-8DE35592E5AF}.Release|Any CPU.ActiveCfg = Release|Any CPU
		{7D5A8024-2CA2-4841-A616-8DE35592E5AF}.Release|Any CPU.Build.0 = Release|Any CPU
		{E8CB25AE-7155-4EFF-8AD6-E236321AC836}.Debug|Any CPU.ActiveCfg = Debug|Any CPU
		{E8CB25AE-7155-4EFF-8AD6-E236321AC836}.Debug|Any CPU.Build.0 = Debug|Any CPU
		{E8CB25AE-7155-4EFF-8AD6-E236321AC836}.Release|Any CPU.ActiveCfg = Release|Any CPU
		{E8CB25AE-7155-4EFF-8AD6-E236321AC836}.Release|Any CPU.Build.0 = Release|Any CPU
	EndGlobalSection
	GlobalSection(SolutionProperties) = preSolution
		HideSolutionNode = FALSE
	EndGlobalSection
	GlobalSection(ExtensibilityGlobals) = postSolution
		SolutionGuid = {F6DD2E33-2392-4366-B50E-D30E0A81E30A}
	EndGlobalSection
EndGlobal
