
Microsoft Visual Studio Solution File, Format Version 12.00
# Visual Studio Version 16
VisualStudioVersion = 16.0.32002.261
MinimumVisualStudioVersion = 10.0.40219.1
Project("{9A19103F-16F7-4668-BE54-9A1E7A4F7556}") = "Program", "Program.csproj", "{1FAD06FB-00D4-446E-9017-CC9B442D896E}"
EndProject
Project("{9A19103F-16F7-4668-BE54-9A1E7A4F7556}") = "Library", "..\Library\Library.csproj", "{33947E0F-0BC5-4DE2-A1A3-E60A4D67136F}"
EndProject
Global
	GlobalSection(SolutionConfigurationPlatforms) = preSolution
		Debug|Any CPU = Debug|Any CPU
		Release|Any CPU = Release|Any CPU
	EndGlobalSection
	GlobalSection(ProjectConfigurationPlatforms) = postSolution
		{1FAD06FB-00D4-446E-9017-CC9B442D896E}.Debug|Any CPU.ActiveCfg = Debug|Any CPU
		{1FAD06FB-00D4-446E-9017-CC9B442D896E}.Debug|Any CPU.Build.0 = Debug|Any CPU
		{1FAD06FB-00D4-446E-9017-CC9B442D896E}.Release|Any CPU.ActiveCfg = Release|Any CPU
		{1FAD06FB-00D4-446E-9017-CC9B442D896E}.Release|Any CPU.Build.0 = Release|Any CPU
		{33947E0F-0BC5-4DE2-A1A3-E60A4D67136F}.Debug|Any CPU.ActiveCfg = Debug|Any CPU
		{33947E0F-0BC5-4DE2-A1A3-E60A4D67136F}.Debug|Any CPU.Build.0 = Debug|Any CPU
		{33947E0F-0BC5-4DE2-A1A3-E60A4D67136F}.Release|Any CPU.ActiveCfg = Release|Any CPU
		{33947E0F-0BC5-4DE2-A1A3-E60A4D67136F}.Release|Any CPU.Build.0 = Release|Any CPU
	EndGlobalSection
	GlobalSection(SolutionProperties) = preSolution
		HideSolutionNode = FALSE
	EndGlobalSection
	GlobalSection(ExtensibilityGlobals) = postSolution
		SolutionGuid = {00D2E1B9-E97E-4548-AC44-A71C4A297848}
	EndGlobalSection
EndGlobal
